{
  "name": "pova",
  "version": "0.0.0",
  "lockfileVersion": 3,
  "requires": true,
  "packages": {
    "": {
      "name": "pova",
      "version": "0.0.0",
      "license": "MIT",
      "devDependencies": {
        "@davidxhk/prettier-config": "^1.0.0"
      }
    },
    "node_modules/@davidxhk/prettier-config": {
      "version": "1.0.0",
      "resolved": "https://registry.npmjs.org/@davidxhk/prettier-config/-/prettier-config-1.0.0.tgz",
      "integrity": "sha512-/xahZJj+ta7ZyNyUwduZxhTZmEstl4zbKd/h9lLVz/4VvP3rpRA9n6S9Hx5QSiKzdpc5UFX9k8p358VKS8gNbQ==",
      "dev": true,
      "license": "MIT",
      "peerDependencies": {
        "prettier": ">=3.3.3"
      }
    },
    "node_modules/prettier": {
      "version": "3.3.3",
      "resolved": "https://registry.npmjs.org/prettier/-/prettier-3.3.3.tgz",
      "integrity": "sha512-i2tDNA0O5IrMO757lfrdQZCc2jPNDVntV0m/+4whiDfWaTKfMNgR7Qz0NAeGz/nRqF4m5/6CLzbP4/liHt12Ew==",
      "dev": true,
      "license": "MIT",
      "peer": true,
      "bin": {
        "prettier": "bin/prettier.cjs"
      },
      "engines": {
        "node": ">=14"
      },
      "funding": {
        "url": "https://github.com/prettier/prettier?sponsor=1"
      }
    }
  }
}
